// !$*UTF8*$!
{
	archiveVersion = 1;
	classes = {
	};
	objectVersion = 46;
	objects = {

/* Begin PBXBuildFile section */
		65D387A71C742950005B8A3E /* AppDelegate.swift in Sources */ = {isa = PBXBuildFile; fileRef = 65D387A61C742950005B8A3E /* AppDelegate.swift */; };
		65D387A91C742950005B8A3E /* ViewController.swift in Sources */ = {isa = PBXBuildFile; fileRef = 65D387A81C742950005B8A3E /* ViewController.swift */; };
		65D387AC1C742950005B8A3E /* Main.storyboard in Resources */ = {isa = PBXBuildFile; fileRef = 65D387AA1C742950005B8A3E /* Main.storyboard */; };
		65D387AE1C742950005B8A3E /* Assets.xcassets in Resources */ = {isa = PBXBuildFile; fileRef = 65D387AD1C742950005B8A3E /* Assets.xcassets */; };
		65D387B11C742950005B8A3E /* LaunchScreen.storyboard in Resources */ = {isa = PBXBuildFile; fileRef = 65D387AF1C742950005B8A3E /* LaunchScreen.storyboard */; };
		65D387BA1C742C00005B8A3E /* Post.swift in Sources */ = {isa = PBXBuildFile; fileRef = 65D387B91C742C00005B8A3E /* Post.swift */; };
		65D387BD1C74464F005B8A3E /* PostCell.swift in Sources */ = {isa = PBXBuildFile; fileRef = 65D387BC1C74464F005B8A3E /* PostCell.swift */; };
		65D387C21C745181005B8A3E /* AddPostViewController.swift in Sources */ = {isa = PBXBuildFile; fileRef = 65D387C11C745181005B8A3E /* AddPostViewController.swift */; };
		65D387C51C746B61005B8A3E /* DataService.swift in Sources */ = {isa = PBXBuildFile; fileRef = 65D387C41C746B61005B8A3E /* DataService.swift */; };
/* End PBXBuildFile section */

/* Begin PBXFileReference section */
		65D387A31C742950005B8A3E /* myHOOD.app */ = {isa = PBXFileReference; explicitFileType = wrapper.application; includeInIndex = 0; path = myHOOD.app; sourceTree = BUILT_PRODUCTS_DIR; };
		65D387A61C742950005B8A3E /* AppDelegate.swift */ = {isa = PBXFileReference; lastKnownFileType = sourcecode.swift; path = AppDelegate.swift; sourceTree = "<group>"; };
		65D387A81C742950005B8A3E /* ViewController.swift */ = {isa = PBXFileReference; lastKnownFileType = sourcecode.swift; path = ViewController.swift; sourceTree = "<group>"; };
		65D387AB1C742950005B8A3E /* Base */ = {isa = PBXFileReference; lastKnownFileType = file.storyboard; name = Base; path = Base.lproj/Main.storyboard; sourceTree = "<group>"; };
		65D387AD1C742950005B8A3E /* Assets.xcassets */ = {isa = PBXFileReference; lastKnownFileType = folder.assetcatalog; path = Assets.xcassets; sourceTree = "<group>"; };
		65D387B01C742950005B8A3E /* Base */ = {isa = PBXFileReference; lastKnownFileType = file.storyboard; name = Base; path = Base.lproj/LaunchScreen.storyboard; sourceTree = "<group>"; };
		65D387B21C742950005B8A3E /* Info.plist */ = {isa = PBXFileReference; lastKnownFileType = text.plist.xml; path = Info.plist; sourceTree = "<group>"; };
		65D387B91C742C00005B8A3E /* Post.swift */ = {isa = PBXFileReference; fileEncoding = 4; lastKnownFileType = sourcecode.swift; path = Post.swift; sourceTree = "<group>"; };
		65D387BC1C74464F005B8A3E /* PostCell.swift */ = {isa = PBXFileReference; fileEncoding = 4; lastKnownFileType = sourcecode.swift; path = PostCell.swift; sourceTree = "<group>"; };
		65D387C11C745181005B8A3E /* AddPostViewController.swift */ = {isa = PBXFileReference; fileEncoding = 4; lastKnownFileType = sourcecode.swift; path = AddPostViewController.swift; sourceTree = "<group>"; };
		65D387C41C746B61005B8A3E /* DataService.swift */ = {isa = PBXFileReference; fileEncoding = 4; lastKnownFileType = sourcecode.swift; path = DataService.swift; sourceTree = "<group>"; };
/* End PBXFileReference section */

/* Begin PBXFrameworksBuildPhase section */
		65D387A01C742950005B8A3E /* Frameworks */ = {
			isa = PBXFrameworksBuildPhase;
			buildActionMask = 2147483647;
			files = (
			);
			runOnlyForDeploymentPostprocessing = 0;
		};
/* End PBXFrameworksBuildPhase section */

/* Begin PBXGroup section */
		65D3879A1C742950005B8A3E = {
			isa = PBXGroup;
			children = (
				65D387A51C742950005B8A3E /* myHOOD */,
				65D387A41C742950005B8A3E /* Products */,
			);
			sourceTree = "<group>";
		};
		65D387A41C742950005B8A3E /* Products */ = {
			isa = PBXGroup;
			children = (
				65D387A31C742950005B8A3E /* myHOOD.app */,
			);
			name = Products;
			sourceTree = "<group>";
		};
		65D387A51C742950005B8A3E /* myHOOD */ = {
			isa = PBXGroup;
			children = (
				65D387C31C746B4D005B8A3E /* Services */,
				65D387BE1C7450EE005B8A3E /* Controller */,
				65D387BB1C74462A005B8A3E /* View */,
				65D387B81C742BF0005B8A3E /* Model */,
				65D387A61C742950005B8A3E /* AppDelegate.swift */,
				65D387AD1C742950005B8A3E /* Assets.xcassets */,
				65D387B21C742950005B8A3E /* Info.plist */,
			);
			path = myHOOD;
			sourceTree = "<group>";
		};
		65D387B81C742BF0005B8A3E /* Model */ = {
			isa = PBXGroup;
			children = (
				65D387B91C742C00005B8A3E /* Post.swift */,
			);
			name = Model;
			sourceTree = "<group>";
		};
		65D387BB1C74462A005B8A3E /* View */ = {
			isa = PBXGroup;
			children = (
				65D387BC1C74464F005B8A3E /* PostCell.swift */,
				65D387AA1C742950005B8A3E /* Main.storyboard */,
				65D387AF1C742950005B8A3E /* LaunchScreen.storyboard */,
			);
			name = View;
			sourceTree = "<group>";
		};
		65D387BE1C7450EE005B8A3E /* Controller */ = {
			isa = PBXGroup;
			children = (
				65D387C11C745181005B8A3E /* AddPostViewController.swift */,
				65D387A81C742950005B8A3E /* ViewController.swift */,
			);
			name = Controller;
			sourceTree = "<group>";
		};
		65D387C31C746B4D005B8A3E /* Services */ = {
			isa = PBXGroup;
			children = (
				65D387C41C746B61005B8A3E /* DataService.swift */,
			);
			name = Services;
			sourceTree = "<group>";
		};
/* End PBXGroup section */

/* Begin PBXNativeTarget section */
		65D387A21C742950005B8A3E /* myHOOD */ = {
			isa = PBXNativeTarget;
			buildConfigurationList = 65D387B51C742950005B8A3E /* Build configuration list for PBXNativeTarget "myHOOD" */;
			buildPhases = (
				65D3879F1C742950005B8A3E /* Sources */,
				65D387A01C742950005B8A3E /* Frameworks */,
				65D387A11C742950005B8A3E /* Resources */,
			);
			buildRules = (
			);
			dependencies = (
			);
			name = myHOOD;
			productName = myHOOD;
			productReference = 65D387A31C742950005B8A3E /* myHOOD.app */;
			productType = "com.apple.product-type.application";
		};
/* End PBXNativeTarget section */

/* Begin PBXProject section */
		65D3879B1C742950005B8A3E /* Project object */ = {
			isa = PBXProject;
			attributes = {
				LastSwiftUpdateCheck = 0720;
				LastUpgradeCheck = 0720;
				ORGANIZATIONNAME = "Glenn Apps Bro";
				TargetAttributes = {
					65D387A21C742950005B8A3E = {
						CreatedOnToolsVersion = 7.2;
					};
				};
			};
			buildConfigurationList = 65D3879E1C742950005B8A3E /* Build configuration list for PBXProject "myHOOD" */;
			compatibilityVersion = "Xcode 3.2";
			developmentRegion = English;
			hasScannedForEncodings = 0;
			knownRegions = (
				en,
				Base,
			);
			mainGroup = 65D3879A1C742950005B8A3E;
			productRefGroup = 65D387A41C742950005B8A3E /* Products */;
			projectDirPath = "";
			projectRoot = "";
			targets = (
				65D387A21C742950005B8A3E /* myHOOD */,
			);
		};
/* End PBXProject section */

/* Begin PBXResourcesBuildPhase section */
		65D387A11C742950005B8A3E /* Resources */ = {
			isa = PBXResourcesBuildPhase;
			buildActionMask = 2147483647;
			files = (
				65D387B11C742950005B8A3E /* LaunchScreen.storyboard in Resources */,
				65D387AE1C742950005B8A3E /* Assets.xcassets in Resources */,
				65D387AC1C742950005B8A3E /* Main.storyboard in Resources */,
			);
			runOnlyForDeploymentPostprocessing = 0;
		};
/* End PBXResourcesBuildPhase section */

/* Begin PBXSourcesBuildPhase section */
		65D3879F1C742950005B8A3E /* Sources */ = {
			isa = PBXSourcesBuildPhase;
			buildActionMask = 2147483647;
			files = (
				65D387BA1C742C00005B8A3E /* Post.swift in Sources */,
				65D387C21C745181005B8A3E /* AddPostViewController.swift in Sources */,
				65D387A91C742950005B8A3E /* ViewController.swift in Sources */,
				65D387C51C746B61005B8A3E /* DataService.swift in Sources */,
				65D387A71C742950005B8A3E /* AppDelegate.swift in Sources */,
				65D387BD1C74464F005B8A3E /* PostCell.swift in Sources */,
			);
			runOnlyForDeploymentPostprocessing = 0;
		};
/* End PBXSourcesBuildPhase section */

/* Begin PBXVariantGroup section */
		65D387AA1C742950005B8A3E /* Main.storyboard */ = {
			isa = PBXVariantGroup;
			children = (
				65D387AB1C742950005B8A3E /* Base */,
			);
			name = Main.storyboard;
			sourceTree = "<group>";
		};
		65D387AF1C742950005B8A3E /* LaunchScreen.storyboard */ = {
			isa = PBXVariantGroup;
			children = (
				65D387B01C742950005B8A3E /* Base */,
			);
			name = LaunchScreen.storyboard;
			sourceTree = "<group>";
		};
/* End PBXVariantGroup section */

/* Begin XCBuildConfiguration section */
		65D387B31C742950005B8A3E /* Debug */ = {
			isa = XCBuildConfiguration;
			buildSettings = {
				ALWAYS_SEARCH_USER_PATHS = NO;
				CLANG_CXX_LANGUAGE_STANDARD = "gnu++0x";
				CLANG_CXX_LIBRARY = "libc++";
				CLANG_ENABLE_MODULES = YES;
				CLANG_ENABLE_OBJC_ARC = YES;
				CLANG_WARN_BOOL_CONVERSION = YES;
				CLANG_WARN_CONSTANT_CONVERSION = YES;
				CLANG_WARN_DIRECT_OBJC_ISA_USAGE = YES_ERROR;
				CLANG_WARN_EMPTY_BODY = YES;
				CLANG_WARN_ENUM_CONVERSION = YES;
				CLANG_WARN_INT_CONVERSION = YES;
				CLANG_WARN_OBJC_ROOT_CLASS = YES_ERROR;
				CLANG_WARN_UNREACHABLE_CODE = YES;
				CLANG_WARN__DUPLICATE_METHOD_MATCH = YES;
				"CODE_SIGN_IDENTITY[sdk=iphoneos*]" = "iPhone Developer";
				COPY_PHASE_STRIP = NO;
				DEBUG_INFORMATION_FORMAT = dwarf;
				ENABLE_STRICT_OBJC_MSGSEND = YES;
				ENABLE_TESTABILITY = YES;
				GCC_C_LANGUAGE_STANDARD = gnu99;
				GCC_DYNAMIC_NO_PIC = NO;
				GCC_NO_COMMON_BLOCKS = YES;
				GCC_OPTIMIZATION_LEVEL = 0;
				GCC_PREPROCESSOR_DEFINITIONS = (
					"DEBUG=1",
					"$(inherited)",
				);
				GCC_WARN_64_TO_32_BIT_CONVERSION = YES;
				GCC_WARN_ABOUT_RETURN_TYPE = YES_ERROR;
				GCC_WARN_UNDECLARED_SELECTOR = YES;
				GCC_WARN_UNINITIALIZED_AUTOS = YES_AGGRESSIVE;
				GCC_WARN_UNUSED_FUNCTION = YES;
				GCC_WARN_UNUSED_VARIABLE = YES;
				IPHONEOS_DEPLOYMENT_TARGET = 9.2;
				MTL_ENABLE_DEBUG_INFO = YES;
				ONLY_ACTIVE_ARCH = YES;
				SDKROOT = iphoneos;
				SWIFT_OPTIMIZATION_LEVEL = "-Onone";
				TARGETED_DEVICE_FAMILY = "1,2";
			};
			name = Debug;
		};
		65D387B41C742950005B8A3E /* Release */ = {
			isa = XCBuildConfiguration;
			buildSettings = {
				ALWAYS_SEARCH_USER_PATHS = NO;
				CLANG_CXX_LANGUAGE_STANDARD = "gnu++0x";
				CLANG_CXX_LIBRARY = "libc++";
				CLANG_ENABLE_MODULES = YES;
				CLANG_ENABLE_OBJC_ARC = YES;
				CLANG_WARN_BOOL_CONVERSION = YES;
				CLANG_WARN_CONSTANT_CONVERSION = YES;
				CLANG_WARN_DIRECT_OBJC_ISA_USAGE = YES_ERROR;
				CLANG_WARN_EMPTY_BODY = YES;
				CLANG_WARN_ENUM_CONVERSION = YES;
				CLANG_WARN_INT_CONVERSION = YES;
				CLANG_WARN_OBJC_ROOT_CLASS = YES_ERROR;
				CLANG_WARN_UNREACHABLE_CODE = YES;
				CLANG_WARN__DUPLICATE_METHOD_MATCH = YES;
				"CODE_SIGN_IDENTITY[sdk=iphoneos*]" = "iPhone Developer";
				COPY_PHASE_STRIP = NO;
				DEBUG_INFORMATION_FORMAT = "dwarf-with-dsym";
				ENABLE_NS_ASSERTIONS = NO;
				ENABLE_STRICT_OBJC_MSGSEND = YES;
				GCC_C_LANGUAGE_STANDARD = gnu99;
				GCC_NO_COMMON_BLOCKS = YES;
				GCC_WARN_64_TO_32_BIT_CONVERSION = YES;
				GCC_WARN_ABOUT_RETURN_TYPE = YES_ERROR;
				GCC_WARN_UNDECLARED_SELECTOR = YES;
				GCC_WARN_UNINITIALIZED_AUTOS = YES_AGGRESSIVE;
				GCC_WARN_UNUSED_FUNCTION = YES;
				GCC_WARN_UNUSED_VARIABLE = YES;
				IPHONEOS_DEPLOYMENT_TARGET = 9.2;
				MTL_ENABLE_DEBUG_INFO = NO;
				SDKROOT = iphoneos;
				TARGETED_DEVICE_FAMILY = "1,2";
				VALIDATE_PRODUCT = YES;
			};
			name = Release;
		};
		65D387B61C742950005B8A3E /* Debug */ = {
			isa = XCBuildConfiguration;
			buildSettings = {
				ASSETCATALOG_COMPILER_APPICON_NAME = AppIcon;
				INFOPLIST_FILE = myHOOD/Info.plist;
				LD_RUNPATH_SEARCH_PATHS = "$(inherited) @executable_path/Frameworks";
				PRODUCT_BUNDLE_IDENTIFIER = com.GlennAppsBro.myHOOD;
				PRODUCT_NAME = "$(TARGET_NAME)";
			};
			name = Debug;
		};
		65D387B71C742950005B8A3E /* Release */ = {
			isa = XCBuildConfiguration;
			buildSettings = {
				ASSETCATALOG_COMPILER_APPICON_NAME = AppIcon;
				INFOPLIST_FILE = myHOOD/Info.plist;
				LD_RUNPATH_SEARCH_PATHS = "$(inherited) @executable_path/Frameworks";
				PRODUCT_BUNDLE_IDENTIFIER = com.GlennAppsBro.myHOOD;
				PRODUCT_NAME = "$(TARGET_NAME)";
			};
			name = Release;
		};
/* End XCBuildConfiguration section */

/* Begin XCConfigurationList section */
		65D3879E1C742950005B8A3E /* Build configuration list for PBXProject "myHOOD" */ = {
			isa = XCConfigurationList;
			buildConfigurations = (
				65D387B31C742950005B8A3E /* Debug */,
				65D387B41C742950005B8A3E /* Release */,
			);
			defaultConfigurationIsVisible = 0;
			defaultConfigurationName = Release;
		};
		65D387B51C742950005B8A3E /* Build configuration list for PBXNativeTarget "myHOOD" */ = {
			isa = XCConfigurationList;
			buildConfigurations = (
				65D387B61C742950005B8A3E /* Debug */,
				65D387B71C742950005B8A3E /* Release */,
			);
			defaultConfigurationIsVisible = 0;
		};
/* End XCConfigurationList section */
	};
	rootObject = 65D3879B1C742950005B8A3E /* Project object */;
}
